
Microsoft Visual Studio Solution File, Format Version 12.00
# Visual Studio Version 17
VisualStudioVersion = 17.0.31903.59
MinimumVisualStudioVersion = 10.0.40219.1
Project("{2150E333-8FDC-42A3-9474-1A3956D46DE8}") = "projects", "projects", "{17245595-230B-9055-A944-863F0DDDA8E8}"
EndProject
Project("{2150E333-8FDC-42A3-9474-1A3956D46DE8}") = "Smart Manufacturing Exporter", "Smart Manufacturing Exporter", "{86FDFE3E-B92D-E78F-27D8-790B9E630329}"
EndProject
Project("{2150E333-8FDC-42A3-9474-1A3956D46DE8}") = "src", "src", "{64293A92-6B18-C186-8A70-3F669F635656}"
EndProject
Project("{FAE04EC0-301F-11D3-BF4B-00C04F79EFBC}") = "SmartManufacturingExporter.AddIn", "projects\smart-manufacturing-exporter\src\SmartManufacturingExporter.AddIn\SmartManufacturingExporter.AddIn.csproj", "{7F60BD92-89E5-475D-96B3-B582B6DF5175}"
EndProject
Project("{FAE04EC0-301F-11D3-BF4B-00C04F79EFBC}") = "SmartManufacturingExporter.Application", "projects\smart-manufacturing-exporter\src\SmartManufacturingExporter.Application\SmartManufacturingExporter.Application.csproj", "{EC96A1E0-27F5-4A09-B346-33046437ACE5}"
EndProject
Project("{FAE04EC0-301F-11D3-BF4B-00C04F79EFBC}") = "SmartManufacturingExporter.Core", "projects\smart-manufacturing-exporter\src\SmartManufacturingExporter.Core\SmartManufacturingExporter.Core.csproj", "{5DED8A47-65CE-44B6-A70A-C7EC5702EF8C}"
EndProject
Project("{FAE04EC0-301F-11D3-BF4B-00C04F79EFBC}") = "SmartManufacturingExporter.Infrastructure", "projects\smart-manufacturing-exporter\src\SmartManufacturingExporter.Infrastructure\SmartManufacturingExporter.Infrastructure.csproj", "{6F75ED8E-603F-4DEE-8F15-C8B8C8DC746F}"
EndProject
Project("{FAE04EC0-301F-11D3-BF4B-00C04F79EFBC}") = "SmartManufacturingExporter.InventorAdapter", "projects\smart-manufacturing-exporter\src\SmartManufacturingExporter.InventorAdapter\SmartManufacturingExporter.InventorAdapter.csproj", "{59527A02-BE4E-4731-90CB-CDB48759F4A7}"
EndProject
Project("{FAE04EC0-301F-11D3-BF4B-00C04F79EFBC}") = "SmartManufacturingExporter.UI", "projects\smart-manufacturing-exporter\src\SmartManufacturingExporter.UI\SmartManufacturingExporter.UI.csproj", "{2E83897D-281F-480F-A348-398BE9E695D4}"
EndProject
Project("{2150E333-8FDC-42A3-9474-1A3956D46DE8}") = "tests", "tests", "{058FC088-2CC2-3753-74FA-036AE72EC020}"
EndProject
Project("{FAE04EC0-301F-11D3-BF4B-00C04F79EFBC}") = "SmartManufacturingExporter.ArchitectureTests", "projects\smart-manufacturing-exporter\tests\SmartManufacturingExporter.ArchitectureTests\SmartManufacturingExporter.ArchitectureTests.csproj", "{B2648D41-6883-4B7F-B29E-BC57BD9F2452}"
EndProject
Project("{FAE04EC0-301F-11D3-BF4B-00C04F79EFBC}") = "SmartManufacturingExporter.UnitTests", "projects\smart-manufacturing-exporter\tests\SmartManufacturingExporter.UnitTests\SmartManufacturingExporter.UnitTests.csproj", "{39DBB698-9F69-4897-B75A-B6294875AA3D}"
EndProject
Project("{2150E333-8FDC-42A3-9474-1A3956D46DE8}") = "shared", "shared", "{4F52FD11-658E-A102-6CD3-7D7C16FFA15B}"
EndProject
Project("{FAE04EC0-301F-11D3-BF4B-00C04F79EFBC}") = "WmpRibbon", "shared\WmpRibbon\WmpRibbon.csproj", "{CD402CC4-1C54-4697-815A-2BEAFE99403E}"
EndProject
Project("{2150E333-8FDC-42A3-9474-1A3956D46DE8}") = "file-naming-manager", "file-naming-manager", "{CBCBACC1-96FD-7877-E83E-8478E8DD959D}"
EndProject
Project("{2150E333-8FDC-42A3-9474-1A3956D46DE8}") = "src", "src", "{37D16514-7332-CCF8-F4CE-96AD24C5CA2D}"
EndProject
Project("{FAE04EC0-301F-11D3-BF4B-00C04F79EFBC}") = "FileNamingManager.Core", "projects\file-naming-manager\src\FileNamingManager.Core\FileNamingManager.Core.csproj", "{A07F28C4-E29A-4F7E-BD8E-99F96484297F}"
EndProject
Project("{FAE04EC0-301F-11D3-BF4B-00C04F79EFBC}") = "FileNamingManager.Application", "projects\file-naming-manager\src\FileNamingManager.Application\FileNamingManager.Application.csproj", "{02CED759-F2F1-45DE-A823-EA8F10FA2458}"
EndProject
Project("{FAE04EC0-301F-11D3-BF4B-00C04F79EFBC}") = "FileNamingManager.Infrastructure", "projects\file-naming-manager\src\FileNamingManager.Infrastructure\FileNamingManager.Infrastructure.csproj", "{E098E4C6-4C81-4C16-AE1E-595D3BC3B0AE}"
EndProject
Project("{FAE04EC0-301F-11D3-BF4B-00C04F79EFBC}") = "FileNamingManager.InventorAdapter", "projects\file-naming-manager\src\FileNamingManager.InventorAdapter\FileNamingManager.InventorAdapter.csproj", "{0D459A79-7177-47DC-82F1-172263D75248}"
EndProject
Project("{2150E333-8FDC-42A3-9474-1A3956D46DE8}") = "tests", "tests", "{A090B48C-B3D7-7B91-3EAD-97147F039390}"
EndProject
Project("{FAE04EC0-301F-11D3-BF4B-00C04F79EFBC}") = "FileNamingManager.UnitTests", "projects\file-naming-manager\tests\FileNamingManager.UnitTests\FileNamingManager.UnitTests.csproj", "{2C3DC3A0-D83B-478F-AE35-BDAE555110C3}"
EndProject
Project("{FAE04EC0-301F-11D3-BF4B-00C04F79EFBC}") = "FileNamingManager.ArchitectureTests", "projects\file-naming-manager\tests\FileNamingManager.ArchitectureTests\FileNamingManager.ArchitectureTests.csproj", "{96E4430E-3DC5-43C5-AFEC-8E78CBF3FA8D}"
EndProject
Project("{FAE04EC0-301F-11D3-BF4B-00C04F79EFBC}") = "FileNamingManager.UI", "projects\file-naming-manager\src\FileNamingManager.UI\FileNamingManager.UI.csproj", "{4DBD9535-0DB1-4446-97D8-1FC357D0EE8A}"
EndProject
Project("{FAE04EC0-301F-11D3-BF4B-00C04F79EFBC}") = "FileNamingManager.AddIn", "projects\file-naming-manager\src\FileNamingManager.AddIn\FileNamingManager.AddIn.csproj", "{A60B80A1-E9B2-4388-B101-01569977DC34}"
EndProject
Project("{2150E333-8FDC-42A3-9474-1A3956D46DE8}") = "tools", "tools", "{BB4F672B-7EFF-A858-9F68-1BAEC15A5753}"
EndProject
Project("{FAE04EC0-301F-11D3-BF4B-00C04F79EFBC}") = "FileNamingManager.LiveSmoke", "projects\file-naming-manager\tools\FileNamingManager.LiveSmoke\FileNamingManager.LiveSmoke.csproj", "{FEE15346-E676-4F90-A1E8-C72A22EE8F31}"
EndProject
Global
	GlobalSection(SolutionConfigurationPlatforms) = preSolution
		Debug|Any CPU = Debug|Any CPU
		Debug|x64 = Debug|x64
		Debug|x86 = Debug|x86
		Release|Any CPU = Release|Any CPU
		Release|x64 = Release|x64
		Release|x86 = Release|x86
	EndGlobalSection
	GlobalSection(ProjectConfigurationPlatforms) = postSolution
		{7F60BD92-89E5-475D-96B3-B582B6DF5175}.Debug|Any CPU.ActiveCfg = Debug|Any CPU
		{7F60BD92-89E5-475D-96B3-B582B6DF5175}.Debug|Any CPU.Build.0 = Debug|Any CPU
		{7F60BD92-89E5-475D-96B3-B582B6DF5175}.Debug|x64.ActiveCfg = Debug|Any CPU
		{7F60BD92-89E5-475D-96B3-B582B6DF5175}.Debug|x64.Build.0 = Debug|Any CPU
		{7F60BD92-89E5-475D-96B3-B582B6DF5175}.Debug|x86.ActiveCfg = Debug|Any CPU
		{7F60BD92-89E5-475D-96B3-B582B6DF5175}.Debug|x86.Build.0 = Debug|Any CPU
		{7F60BD92-89E5-475D-96B3-B582B6DF5175}.Release|Any CPU.ActiveCfg = Release|Any CPU
		{7F60BD92-89E5-475D-96B3-B582B6DF5175}.Release|Any CPU.Build.0 = Release|Any CPU
		{7F60BD92-89E5-475D-96B3-B582B6DF5175}.Release|x64.ActiveCfg = Release|Any CPU
		{7F60BD92-89E5-475D-96B3-B582B6DF5175}.Release|x64.Build.0 = Release|Any CPU
		{7F60BD92-89E5-475D-96B3-B582B6DF5175}.Release|x86.ActiveCfg = Release|Any CPU
		{7F60BD92-89E5-475D-96B3-B582B6DF5175}.Release|x86.Build.0 = Release|Any CPU
		{EC96A1E0-27F5-4A09-B346-33046437ACE5}.Debug|Any CPU.ActiveCfg = Debug|Any CPU
		{EC96A1E0-27F5-4A09-B346-33046437ACE5}.Debug|Any CPU.Build.0 = Debug|Any CPU
		{EC96A1E0-27F5-4A09-B346-33046437ACE5}.Debug|x64.ActiveCfg = Debug|Any CPU
		{EC96A1E0-27F5-4A09-B346-33046437ACE5}.Debug|x64.Build.0 = Debug|Any CPU
		{EC96A1E0-27F5-4A09-B346-33046437ACE5}.Debug|x86.ActiveCfg = Debug|Any CPU
		{EC96A1E0-27F5-4A09-B346-33046437ACE5}.Debug|x86.Build.0 = Debug|Any CPU
		{EC96A1E0-27F5-4A09-B346-33046437ACE5}.Release|Any CPU.ActiveCfg = Release|Any CPU
		{EC96A1E0-27F5-4A09-B346-33046437ACE5}.Release|Any CPU.Build.0 = Release|Any CPU
		{EC96A1E0-27F5-4A09-B346-33046437ACE5}.Release|x64.ActiveCfg = Release|Any CPU
		{EC96A1E0-27F5-4A09-B346-33046437ACE5}.Release|x64.Build.0 = Release|Any CPU
		{EC96A1E0-27F5-4A09-B346-33046437ACE5}.Release|x86.ActiveCfg = Release|Any CPU
		{EC96A1E0-27F5-4A09-B346-33046437ACE5}.Release|x86.Build.0 = Release|Any CPU
		{5DED8A47-65CE-44B6-A70A-C7EC5702EF8C}.Debug|Any CPU.ActiveCfg = Debug|Any CPU
		{5DED8A47-65CE-44B6-A70A-C7EC5702EF8C}.Debug|Any CPU.Build.0 = Debug|Any CPU
		{5DED8A47-65CE-44B6-A70A-C7EC5702EF8C}.Debug|x64.ActiveCfg = Debug|Any CPU
		{5DED8A47-65CE-44B6-A70A-C7EC5702EF8C}.Debug|x64.Build.0 = Debug|Any CPU
		{5DED8A47-65CE-44B6-A70A-C7EC5702EF8C}.Debug|x86.ActiveCfg = Debug|Any CPU
		{5DED8A47-65CE-44B6-A70A-C7EC5702EF8C}.Debug|x86.Build.0 = Debug|Any CPU
		{5DED8A47-65CE-44B6-A70A-C7EC5702EF8C}.Release|Any CPU.ActiveCfg = Release|Any CPU
		{5DED8A47-65CE-44B6-A70A-C7EC5702EF8C}.Release|Any CPU.Build.0 = Release|Any CPU
		{5DED8A47-65CE-44B6-A70A-C7EC5702EF8C}.Release|x64.ActiveCfg = Release|Any CPU
		{5DED8A47-65CE-44B6-A70A-C7EC5702EF8C}.Release|x64.Build.0 = Release|Any CPU
		{5DED8A47-65CE-44B6-A70A-C7EC5702EF8C}.Release|x86.ActiveCfg = Release|Any CPU
		{5DED8A47-65CE-44B6-A70A-C7EC5702EF8C}.Release|x86.Build.0 = Release|Any CPU
		{6F75ED8E-603F-4DEE-8F15-C8B8C8DC746F}.Debug|Any CPU.ActiveCfg = Debug|Any CPU
		{6F75ED8E-603F-4DEE-8F15-C8B8C8DC746F}.Debug|Any CPU.Build.0 = Debug|Any CPU
		{6F75ED8E-603F-4DEE-8F15-C8B8C8DC746F}.Debug|x64.ActiveCfg = Debug|Any CPU
		{6F75ED8E-603F-4DEE-8F15-C8B8C8DC746F}.Debug|x64.Build.0 = Debug|Any CPU
		{6F75ED8E-603F-4DEE-8F15-C8B8C8DC746F}.Debug|x86.ActiveCfg = Debug|Any CPU
		{6F75ED8E-603F-4DEE-8F15-C8B8C8DC746F}.Debug|x86.Build.0 = Debug|Any CPU
		{6F75ED8E-603F-4DEE-8F15-C8B8C8DC746F}.Release|Any CPU.ActiveCfg = Release|Any CPU
		{6F75ED8E-603F-4DEE-8F15-C8B8C8DC746F}.Release|Any CPU.Build.0 = Release|Any CPU
		{6F75ED8E-603F-4DEE-8F15-C8B8C8DC746F}.Release|x64.ActiveCfg = Release|Any CPU
		{6F75ED8E-603F-4DEE-8F15-C8B8C8DC746F}.Release|x64.Build.0 = Release|Any CPU
		{6F75ED8E-603F-4DEE-8F15-C8B8C8DC746F}.Release|x86.ActiveCfg = Release|Any CPU
		{6F75ED8E-603F-4DEE-8F15-C8B8C8DC746F}.Release|x86.Build.0 = Release|Any CPU
		{59527A02-BE4E-4731-90CB-CDB48759F4A7}.Debug|Any CPU.ActiveCfg = Debug|Any CPU
		{59527A02-BE4E-4731-90CB-CDB48759F4A7}.Debug|Any CPU.Build.0 = Debug|Any CPU
		{59527A02-BE4E-4731-90CB-CDB48759F4A7}.Debug|x64.ActiveCfg = Debug|Any CPU
		{59527A02-BE4E-4731-90CB-CDB48759F4A7}.Debug|x64.Build.0 = Debug|Any CPU
		{59527A02-BE4E-4731-90CB-CDB48759F4A7}.Debug|x86.ActiveCfg = Debug|Any CPU
		{59527A02-BE4E-4731-90CB-CDB48759F4A7}.Debug|x86.Build.0 = Debug|Any CPU
		{59527A02-BE4E-4731-90CB-CDB48759F4A7}.Release|Any CPU.ActiveCfg = Release|Any CPU
		{59527A02-BE4E-4731-90CB-CDB48759F4A7}.Release|Any CPU.Build.0 = Release|Any CPU
		{59527A02-BE4E-4731-90CB-CDB48759F4A7}.Release|x64.ActiveCfg = Release|Any CPU
		{59527A02-BE4E-4731-90CB-CDB48759F4A7}.Release|x64.Build.0 = Release|Any CPU
		{59527A02-BE4E-4731-90CB-CDB48759F4A7}.Release|x86.ActiveCfg = Release|Any CPU
		{59527A02-BE4E-4731-90CB-CDB48759F4A7}.Release|x86.Build.0 = Release|Any CPU
		{2E83897D-281F-480F-A348-398BE9E695D4}.Debug|Any CPU.ActiveCfg = Debug|Any CPU
		{2E83897D-281F-480F-A348-398BE9E695D4}.Debug|Any CPU.Build.0 = Debug|Any CPU
		{2E83897D-281F-480F-A348-398BE9E695D4}.Debug|x64.ActiveCfg = Debug|Any CPU
		{2E83897D-281F-480F-A348-398BE9E695D4}.Debug|x64.Build.0 = Debug|Any CPU
		{2E83897D-281F-480F-A348-398BE9E695D4}.Debug|x86.ActiveCfg = Debug|Any CPU
		{2E83897D-281F-480F-A348-398BE9E695D4}.Debug|x86.Build.0 = Debug|Any CPU
		{2E83897D-281F-480F-A348-398BE9E695D4}.Release|Any CPU.ActiveCfg = Release|Any CPU
		{2E83897D-281F-480F-A348-398BE9E695D4}.Release|Any CPU.Build.0 = Release|Any CPU
		{2E83897D-281F-480F-A348-398BE9E695D4}.Release|x64.ActiveCfg = Release|Any CPU
		{2E83897D-281F-480F-A348-398BE9E695D4}.Release|x64.Build.0 = Release|Any CPU
		{2E83897D-281F-480F-A348-398BE9E695D4}.Release|x86.ActiveCfg = Release|Any CPU
		{2E83897D-281F-480F-A348-398BE9E695D4}.Release|x86.Build.0 = Release|Any CPU
		{B2648D41-6883-4B7F-B29E-BC57BD9F2452}.Debug|Any CPU.ActiveCfg = Debug|Any CPU
		{B2648D41-6883-4B7F-B29E-BC57BD9F2452}.Debug|Any CPU.Build.0 = Debug|Any CPU
		{B2648D41-6883-4B7F-B29E-BC57BD9F2452}.Debug|x64.ActiveCfg = Debug|Any CPU
		{B2648D41-6883-4B7F-B29E-BC57BD9F2452}.Debug|x64.Build.0 = Debug|Any CPU
		{B2648D41-6883-4B7F-B29E-BC57BD9F2452}.Debug|x86.ActiveCfg = Debug|Any CPU
		{B2648D41-6883-4B7F-B29E-BC57BD9F2452}.Debug|x86.Build.0 = Debug|Any CPU
		{B2648D41-6883-4B7F-B29E-BC57BD9F2452}.Release|Any CPU.ActiveCfg = Release|Any CPU
		{B2648D41-6883-4B7F-B29E-BC57BD9F2452}.Release|Any CPU.Build.0 = Release|Any CPU
		{B2648D41-6883-4B7F-B29E-BC57BD9F2452}.Release|x64.ActiveCfg = Release|Any CPU
		{B2648D41-6883-4B7F-B29E-BC57BD9F2452}.Release|x64.Build.0 = Release|Any CPU
		{B2648D41-6883-4B7F-B29E-BC57BD9F2452}.Release|x86.ActiveCfg = Release|Any CPU
		{B2648D41-6883-4B7F-B29E-BC57BD9F2452}.Release|x86.Build.0 = Release|Any CPU
		{39DBB698-9F69-4897-B75A-B6294875AA3D}.Debug|Any CPU.ActiveCfg = Debug|Any CPU
		{39DBB698-9F69-4897-B75A-B6294875AA3D}.Debug|Any CPU.Build.0 = Debug|Any CPU
		{39DBB698-9F69-4897-B75A-B6294875AA3D}.Debug|x64.ActiveCfg = Debug|Any CPU
		{39DBB698-9F69-4897-B75A-B6294875AA3D}.Debug|x64.Build.0 = Debug|Any CPU
		{39DBB698-9F69-4897-B75A-B6294875AA3D}.Debug|x86.ActiveCfg = Debug|Any CPU
		{39DBB698-9F69-4897-B75A-B6294875AA3D}.Debug|x86.Build.0 = Debug|Any CPU
		{39DBB698-9F69-4897-B75A-B6294875AA3D}.Release|Any CPU.ActiveCfg = Release|Any CPU
		{39DBB698-9F69-4897-B75A-B6294875AA3D}.Release|Any CPU.Build.0 = Release|Any CPU
		{39DBB698-9F69-4897-B75A-B6294875AA3D}.Release|x64.ActiveCfg = Release|Any CPU
		{39DBB698-9F69-4897-B75A-B6294875AA3D}.Release|x64.Build.0 = Release|Any CPU
		{39DBB698-9F69-4897-B75A-B6294875AA3D}.Release|x86.ActiveCfg = Release|Any CPU
		{39DBB698-9F69-4897-B75A-B6294875AA3D}.Release|x86.Build.0 = Release|Any CPU
		{CD402CC4-1C54-4697-815A-2BEAFE99403E}.Debug|Any CPU.ActiveCfg = Debug|Any CPU
		{CD402CC4-1C54-4697-815A-2BEAFE99403E}.Debug|Any CPU.Build.0 = Debug|Any CPU
		{CD402CC4-1C54-4697-815A-2BEAFE99403E}.Debug|x64.ActiveCfg = Debug|Any CPU
		{CD402CC4-1C54-4697-815A-2BEAFE99403E}.Debug|x64.Build.0 = Debug|Any CPU
		{CD402CC4-1C54-4697-815A-2BEAFE99403E}.Debug|x86.ActiveCfg = Debug|Any CPU
		{CD402CC4-1C54-4697-815A-2BEAFE99403E}.Debug|x86.Build.0 = Debug|Any CPU
		{CD402CC4-1C54-4697-815A-2BEAFE99403E}.Release|Any CPU.ActiveCfg = Release|Any CPU
		{CD402CC4-1C54-4697-815A-2BEAFE99403E}.Release|Any CPU.Build.0 = Release|Any CPU
		{CD402CC4-1C54-4697-815A-2BEAFE99403E}.Release|x64.ActiveCfg = Release|Any CPU
		{CD402CC4-1C54-4697-815A-2BEAFE99403E}.Release|x64.Build.0 = Release|Any CPU
		{CD402CC4-1C54-4697-815A-2BEAFE99403E}.Release|x86.ActiveCfg = Release|Any CPU
		{CD402CC4-1C54-4697-815A-2BEAFE99403E}.Release|x86.Build.0 = Release|Any CPU
		{A07F28C4-E29A-4F7E-BD8E-99F96484297F}.Debug|Any CPU.ActiveCfg = Debug|Any CPU
		{A07F28C4-E29A-4F7E-BD8E-99F96484297F}.Debug|Any CPU.Build.0 = Debug|Any CPU
		{A07F28C4-E29A-4F7E-BD8E-99F96484297F}.Debug|x64.ActiveCfg = Debug|Any CPU
		{A07F28C4-E29A-4F7E-BD8E-99F96484297F}.Debug|x64.Build.0 = Debug|Any CPU
		{A07F28C4-E29A-4F7E-BD8E-99F96484297F}.Debug|x86.ActiveCfg = Debug|Any CPU
		{A07F28C4-E29A-4F7E-BD8E-99F96484297F}.Debug|x86.Build.0 = Debug|Any CPU
		{A07F28C4-E29A-4F7E-BD8E-99F96484297F}.Release|Any CPU.ActiveCfg = Release|Any CPU
		{A07F28C4-E29A-4F7E-BD8E-99F96484297F}.Release|Any CPU.Build.0 = Release|Any CPU
		{A07F28C4-E29A-4F7E-BD8E-99F96484297F}.Release|x64.ActiveCfg = Release|Any CPU
		{A07F28C4-E29A-4F7E-BD8E-99F96484297F}.Release|x64.Build.0 = Release|Any CPU
		{A07F28C4-E29A-4F7E-BD8E-99F96484297F}.Release|x86.ActiveCfg = Release|Any CPU
		{A07F28C4-E29A-4F7E-BD8E-99F96484297F}.Release|x86.Build.0 = Release|Any CPU
		{02CED759-F2F1-45DE-A823-EA8F10FA2458}.Debug|Any CPU.ActiveCfg = Debug|Any CPU
		{02CED759-F2F1-45DE-A823-EA8F10FA2458}.Debug|Any CPU.Build.0 = Debug|Any CPU
		{02CED759-F2F1-45DE-A823-EA8F10FA2458}.Debug|x64.ActiveCfg = Debug|Any CPU
		{02CED759-F2F1-45DE-A823-EA8F10FA2458}.Debug|x64.Build.0 = Debug|Any CPU
		{02CED759-F2F1-45DE-A823-EA8F10FA2458}.Debug|x86.ActiveCfg = Debug|Any CPU
		{02CED759-F2F1-45DE-A823-EA8F10FA2458}.Debug|x86.Build.0 = Debug|Any CPU
		{02CED759-F2F1-45DE-A823-EA8F10FA2458}.Release|Any CPU.ActiveCfg = Release|Any CPU
		{02CED759-F2F1-45DE-A823-EA8F10FA2458}.Release|Any CPU.Build.0 = Release|Any CPU
		{02CED759-F2F1-45DE-A823-EA8F10FA2458}.Release|x64.ActiveCfg = Release|Any CPU
		{02CED759-F2F1-45DE-A823-EA8F10FA2458}.Release|x64.Build.0 = Release|Any CPU
		{02CED759-F2F1-45DE-A823-EA8F10FA2458}.Release|x86.ActiveCfg = Release|Any CPU
		{02CED759-F2F1-45DE-A823-EA8F10FA2458}.Release|x86.Build.0 = Release|Any CPU
		{E098E4C6-4C81-4C16-AE1E-595D3BC3B0AE}.Debug|Any CPU.ActiveCfg = Debug|Any CPU
		{E098E4C6-4C81-4C16-AE1E-595D3BC3B0AE}.Debug|Any CPU.Build.0 = Debug|Any CPU
		{E098E4C6-4C81-4C16-AE1E-595D3BC3B0AE}.Debug|x64.ActiveCfg = Debug|Any CPU
		{E098E4C6-4C81-4C16-AE1E-595D3BC3B0AE}.Debug|x64.Build.0 = Debug|Any CPU
		{E098E4C6-4C81-4C16-AE1E-595D3BC3B0AE}.Debug|x86.ActiveCfg = Debug|Any CPU
		{E098E4C6-4C81-4C16-AE1E-595D3BC3B0AE}.Debug|x86.Build.0 = Debug|Any CPU
		{E098E4C6-4C81-4C16-AE1E-595D3BC3B0AE}.Release|Any CPU.ActiveCfg = Release|Any CPU
		{E098E4C6-4C81-4C16-AE1E-595D3BC3B0AE}.Release|Any CPU.Build.0 = Release|Any CPU
		{E098E4C6-4C81-4C16-AE1E-595D3BC3B0AE}.Release|x64.ActiveCfg = Release|Any CPU
		{E098E4C6-4C81-4C16-AE1E-595D3BC3B0AE}.Release|x64.Build.0 = Release|Any CPU
		{E098E4C6-4C81-4C16-AE1E-595D3BC3B0AE}.Release|x86.ActiveCfg = Release|Any CPU
		{E098E4C6-4C81-4C16-AE1E-595D3BC3B0AE}.Release|x86.Build.0 = Release|Any CPU
		{0D459A79-7177-47DC-82F1-172263D75248}.Debug|Any CPU.ActiveCfg = Debug|Any CPU
		{0D459A79-7177-47DC-82F1-172263D75248}.Debug|Any CPU.Build.0 = Debug|Any CPU
		{0D459A79-7177-47DC-82F1-172263D75248}.Debug|x64.ActiveCfg = Debug|Any CPU
		{0D459A79-7177-47DC-82F1-172263D75248}.Debug|x64.Build.0 = Debug|Any CPU
		{0D459A79-7177-47DC-82F1-172263D75248}.Debug|x86.ActiveCfg = Debug|Any CPU
		{0D459A79-7177-47DC-82F1-172263D75248}.Debug|x86.Build.0 = Debug|Any CPU
		{0D459A79-7177-47DC-82F1-172263D75248}.Release|Any CPU.ActiveCfg = Release|Any CPU
		{0D459A79-7177-47DC-82F1-172263D75248}.Release|Any CPU.Build.0 = Release|Any CPU
		{0D459A79-7177-47DC-82F1-172263D75248}.Release|x64.ActiveCfg = Release|Any CPU
		{0D459A79-7177-47DC-82F1-172263D75248}.Release|x64.Build.0 = Release|Any CPU
		{0D459A79-7177-47DC-82F1-172263D75248}.Release|x86.ActiveCfg = Release|Any CPU
		{0D459A79-7177-47DC-82F1-172263D75248}.Release|x86.Build.0 = Release|Any CPU
		{2C3DC3A0-D83B-478F-AE35-BDAE555110C3}.Debug|Any CPU.ActiveCfg = Debug|Any CPU
		{2C3DC3A0-D83B-478F-AE35-BDAE555110C3}.Debug|Any CPU.Build.0 = Debug|Any CPU
		{2C3DC3A0-D83B-478F-AE35-BDAE555110C3}.Debug|x64.ActiveCfg = Debug|Any CPU
		{2C3DC3A0-D83B-478F-AE35-BDAE555110C3}.Debug|x64.Build.0 = Debug|Any CPU
		{2C3DC3A0-D83B-478F-AE35-BDAE555110C3}.Debug|x86.ActiveCfg = Debug|Any CPU
		{2C3DC3A0-D83B-478F-AE35-BDAE555110C3}.Debug|x86.Build.0 = Debug|Any CPU
		{2C3DC3A0-D83B-478F-AE35-BDAE555110C3}.Release|Any CPU.ActiveCfg = Release|Any CPU
		{2C3DC3A0-D83B-478F-AE35-BDAE555110C3}.Release|Any CPU.Build.0 = Release|Any CPU
		{2C3DC3A0-D83B-478F-AE35-BDAE555110C3}.Release|x64.ActiveCfg = Release|Any CPU
		{2C3DC3A0-D83B-478F-AE35-BDAE555110C3}.Release|x64.Build.0 = Release|Any CPU
		{2C3DC3A0-D83B-478F-AE35-BDAE555110C3}.Release|x86.ActiveCfg = Release|Any CPU
		{2C3DC3A0-D83B-478F-AE35-BDAE555110C3}.Release|x86.Build.0 = Release|Any CPU
		{96E4430E-3DC5-43C5-AFEC-8E78CBF3FA8D}.Debug|Any CPU.ActiveCfg = Debug|Any CPU
		{96E4430E-3DC5-43C5-AFEC-8E78CBF3FA8D}.Debug|Any CPU.Build.0 = Debug|Any CPU
		{96E4430E-3DC5-43C5-AFEC-8E78CBF3FA8D}.Debug|x64.ActiveCfg = Debug|Any CPU
		{96E4430E-3DC5-43C5-AFEC-8E78CBF3FA8D}.Debug|x64.Build.0 = Debug|Any CPU
		{96E4430E-3DC5-43C5-AFEC-8E78CBF3FA8D}.Debug|x86.ActiveCfg = Debug|Any CPU
		{96E4430E-3DC5-43C5-AFEC-8E78CBF3FA8D}.Debug|x86.Build.0 = Debug|Any CPU
		{96E4430E-3DC5-43C5-AFEC-8E78CBF3FA8D}.Release|Any CPU.ActiveCfg = Release|Any CPU
		{96E4430E-3DC5-43C5-AFEC-8E78CBF3FA8D}.Release|Any CPU.Build.0 = Release|Any CPU
		{96E4430E-3DC5-43C5-AFEC-8E78CBF3FA8D}.Release|x64.ActiveCfg = Release|Any CPU
		{96E4430E-3DC5-43C5-AFEC-8E78CBF3FA8D}.Release|x64.Build.0 = Release|Any CPU
		{96E4430E-3DC5-43C5-AFEC-8E78CBF3FA8D}.Release|x86.ActiveCfg = Release|Any CPU
		{96E4430E-3DC5-43C5-AFEC-8E78CBF3FA8D}.Release|x86.Build.0 = Release|Any CPU
		{4DBD9535-0DB1-4446-97D8-1FC357D0EE8A}.Debug|Any CPU.ActiveCfg = Debug|Any CPU
		{4DBD9535-0DB1-4446-97D8-1FC357D0EE8A}.Debug|Any CPU.Build.0 = Debug|Any CPU
		{4DBD9535-0DB1-4446-97D8-1FC357D0EE8A}.Debug|x64.ActiveCfg = Debug|Any CPU
		{4DBD9535-0DB1-4446-97D8-1FC357D0EE8A}.Debug|x64.Build.0 = Debug|Any CPU
		{4DBD9535-0DB1-4446-97D8-1FC357D0EE8A}.Debug|x86.ActiveCfg = Debug|Any CPU
		{4DBD9535-0DB1-4446-97D8-1FC357D0EE8A}.Debug|x86.Build.0 = Debug|Any CPU
		{4DBD9535-0DB1-4446-97D8-1FC357D0EE8A}.Release|Any CPU.ActiveCfg = Release|Any CPU
		{4DBD9535-0DB1-4446-97D8-1FC357D0EE8A}.Release|Any CPU.Build.0 = Release|Any CPU
		{4DBD9535-0DB1-4446-97D8-1FC357D0EE8A}.Release|x64.ActiveCfg = Release|Any CPU
		{4DBD9535-0DB1-4446-97D8-1FC357D0EE8A}.Release|x64.Build.0 = Release|Any CPU
		{4DBD9535-0DB1-4446-97D8-1FC357D0EE8A}.Release|x86.ActiveCfg = Release|Any CPU
		{4DBD9535-0DB1-4446-97D8-1FC357D0EE8A}.Release|x86.Build.0 = Release|Any CPU
		{A60B80A1-E9B2-4388-B101-01569977DC34}.Debug|Any CPU.ActiveCfg = Debug|Any CPU
		{A60B80A1-E9B2-4388-B101-01569977DC34}.Debug|Any CPU.Build.0 = Debug|Any CPU
		{A60B80A1-E9B2-4388-B101-01569977DC34}.Debug|x64.ActiveCfg = Debug|Any CPU
		{A60B80A1-E9B2-4388-B101-01569977DC34}.Debug|x64.Build.0 = Debug|Any CPU
		{A60B80A1-E9B2-4388-B101-01569977DC34}.Debug|x86.ActiveCfg = Debug|Any CPU
		{A60B80A1-E9B2-4388-B101-01569977DC34}.Debug|x86.Build.0 = Debug|Any CPU
		{A60B80A1-E9B2-4388-B101-01569977DC34}.Release|Any CPU.ActiveCfg = Release|Any CPU
		{A60B80A1-E9B2-4388-B101-01569977DC34}.Release|Any CPU.Build.0 = Release|Any CPU
		{A60B80A1-E9B2-4388-B101-01569977DC34}.Release|x64.ActiveCfg = Release|Any CPU
		{A60B80A1-E9B2-4388-B101-01569977DC34}.Release|x64.Build.0 = Release|Any CPU
		{A60B80A1-E9B2-4388-B101-01569977DC34}.Release|x86.ActiveCfg = Release|Any CPU
		{A60B80A1-E9B2-4388-B101-01569977DC34}.Release|x86.Build.0 = Release|Any CPU
		{FEE15346-E676-4F90-A1E8-C72A22EE8F31}.Debug|Any CPU.ActiveCfg = Debug|Any CPU
		{FEE15346-E676-4F90-A1E8-C72A22EE8F31}.Debug|Any CPU.Build.0 = Debug|Any CPU
		{FEE15346-E676-4F90-A1E8-C72A22EE8F31}.Debug|x64.ActiveCfg = Debug|Any CPU
		{FEE15346-E676-4F90-A1E8-C72A22EE8F31}.Debug|x64.Build.0 = Debug|Any CPU
		{FEE15346-E676-4F90-A1E8-C72A22EE8F31}.Debug|x86.ActiveCfg = Debug|Any CPU
		{FEE15346-E676-4F90-A1E8-C72A22EE8F31}.Debug|x86.Build.0 = Debug|Any CPU
		{FEE15346-E676-4F90-A1E8-C72A22EE8F31}.Release|Any CPU.ActiveCfg = Release|Any CPU
		{FEE15346-E676-4F90-A1E8-C72A22EE8F31}.Release|Any CPU.Build.0 = Release|Any CPU
		{FEE15346-E676-4F90-A1E8-C72A22EE8F31}.Release|x64.ActiveCfg = Release|Any CPU
		{FEE15346-E676-4F90-A1E8-C72A22EE8F31}.Release|x64.Build.0 = Release|Any CPU
		{FEE15346-E676-4F90-A1E8-C72A22EE8F31}.Release|x86.ActiveCfg = Release|Any CPU
		{FEE15346-E676-4F90-A1E8-C72A22EE8F31}.Release|x86.Build.0 = Release|Any CPU
	EndGlobalSection
	GlobalSection(SolutionProperties) = preSolution
		HideSolutionNode = FALSE
	EndGlobalSection
	GlobalSection(NestedProjects) = preSolution
		{86FDFE3E-B92D-E78F-27D8-790B9E630329} = {17245595-230B-9055-A944-863F0DDDA8E8}
		{64293A92-6B18-C186-8A70-3F669F635656} = {86FDFE3E-B92D-E78F-27D8-790B9E630329}
		{7F60BD92-89E5-475D-96B3-B582B6DF5175} = {64293A92-6B18-C186-8A70-3F669F635656}
		{EC96A1E0-27F5-4A09-B346-33046437ACE5} = {64293A92-6B18-C186-8A70-3F669F635656}
		{5DED8A47-65CE-44B6-A70A-C7EC5702EF8C} = {64293A92-6B18-C186-8A70-3F669F635656}
		{6F75ED8E-603F-4DEE-8F15-C8B8C8DC746F} = {64293A92-6B18-C186-8A70-3F669F635656}
		{59527A02-BE4E-4731-90CB-CDB48759F4A7} = {64293A92-6B18-C186-8A70-3F669F635656}
		{2E83897D-281F-480F-A348-398BE9E695D4} = {64293A92-6B18-C186-8A70-3F669F635656}
		{058FC088-2CC2-3753-74FA-036AE72EC020} = {86FDFE3E-B92D-E78F-27D8-790B9E630329}
		{B2648D41-6883-4B7F-B29E-BC57BD9F2452} = {058FC088-2CC2-3753-74FA-036AE72EC020}
		{39DBB698-9F69-4897-B75A-B6294875AA3D} = {058FC088-2CC2-3753-74FA-036AE72EC020}
		{CD402CC4-1C54-4697-815A-2BEAFE99403E} = {4F52FD11-658E-A102-6CD3-7D7C16FFA15B}
		{CBCBACC1-96FD-7877-E83E-8478E8DD959D} = {17245595-230B-9055-A944-863F0DDDA8E8}
		{37D16514-7332-CCF8-F4CE-96AD24C5CA2D} = {CBCBACC1-96FD-7877-E83E-8478E8DD959D}
		{A07F28C4-E29A-4F7E-BD8E-99F96484297F} = {37D16514-7332-CCF8-F4CE-96AD24C5CA2D}
		{02CED759-F2F1-45DE-A823-EA8F10FA2458} = {37D16514-7332-CCF8-F4CE-96AD24C5CA2D}
		{E098E4C6-4C81-4C16-AE1E-595D3BC3B0AE} = {37D16514-7332-CCF8-F4CE-96AD24C5CA2D}
		{0D459A79-7177-47DC-82F1-172263D75248} = {37D16514-7332-CCF8-F4CE-96AD24C5CA2D}
		{A090B48C-B3D7-7B91-3EAD-97147F039390} = {CBCBACC1-96FD-7877-E83E-8478E8DD959D}
		{2C3DC3A0-D83B-478F-AE35-BDAE555110C3} = {A090B48C-B3D7-7B91-3EAD-97147F039390}
		{96E4430E-3DC5-43C5-AFEC-8E78CBF3FA8D} = {A090B48C-B3D7-7B91-3EAD-97147F039390}
		{4DBD9535-0DB1-4446-97D8-1FC357D0EE8A} = {37D16514-7332-CCF8-F4CE-96AD24C5CA2D}
		{A60B80A1-E9B2-4388-B101-01569977DC34} = {37D16514-7332-CCF8-F4CE-96AD24C5CA2D}
		{BB4F672B-7EFF-A858-9F68-1BAEC15A5753} = {CBCBACC1-96FD-7877-E83E-8478E8DD959D}
		{FEE15346-E676-4F90-A1E8-C72A22EE8F31} = {BB4F672B-7EFF-A858-9F68-1BAEC15A5753}
	EndGlobalSection
EndGlobal
